
Microsoft Visual Studio Solution File, Format Version 12.00
# Visual Studio 2013
VisualStudioVersion = 12.0.31101.0
MinimumVisualStudioVersion = 10.0.40219.1
Project("{FAE04EC0-301F-11D3-BF4B-00C04F79EFBC}") = "FestBonSystemKonzept", "FestBonSystemKonzept\FestBonSystemKonzept.csproj", "{E63611E8-3692-48C4-9EE1-84CE51EAD415}"
EndProject
Project("{2150E333-8FDC-42A3-9474-1A3956D46DE8}") = "Logic", "Logic", "{99E04F2C-BBB5-4167-A145-5F1FC2AD9223}"
EndProject
Project("{2150E333-8FDC-42A3-9474-1A3956D46DE8}") = "UI", "UI", "{61C4069A-2BC2-4B43-8390-C0ABC5A8C62D}"
EndProject
Project("{2150E333-8FDC-42A3-9474-1A3956D46DE8}") = "Infrastructure", "Infrastructure", "{5B5211B3-9E5F-4572-AD50-333D6220B610}"
EndProject
Project("{2150E333-8FDC-42A3-9474-1A3956D46DE8}") = "Data", "Data", "{CA89C3A1-8D70-4152-A583-03C1F0EDDC4D}"
EndProject
Project("{FAE04EC0-301F-11D3-BF4B-00C04F79EFBC}") = "DependencyInjection", "DependencyInjection\DependencyInjection.csproj", "{544592E1-AC4E-4585-BC6D-EC22A7759C8B}"
EndProject
Project("{FAE04EC0-301F-11D3-BF4B-00C04F79EFBC}") = "Entities", "Entities\Entities.csproj", "{FD01DF6C-1319-4AAA-A283-885C3B758707}"
EndProject
Project("{2150E333-8FDC-42A3-9474-1A3956D46DE8}") = "Storing", "Storing", "{C4146598-AF71-4C3D-8426-636EEBD0E8DD}"
EndProject
Project("{FAE04EC0-301F-11D3-BF4B-00C04F79EFBC}") = "DataStoring", "DataStoring\DataStoring.csproj", "{715C274F-04E0-42D6-B91E-E7CA51B6974E}"
EndProject
Project("{FAE04EC0-301F-11D3-BF4B-00C04F79EFBC}") = "DataStoring.Contract", "DataStoring.Contract\DataStoring.Contract.csproj", "{0BA1181F-9747-458F-BB37-67155211167B}"
EndProject
Project("{FAE04EC0-301F-11D3-BF4B-00C04F79EFBC}") = "Managing", "Managing\Managing.csproj", "{44C846E3-BB9D-4726-B9A4-F4293E063D55}"
EndProject
Project("{FAE04EC0-301F-11D3-BF4B-00C04F79EFBC}") = "Managing.Contract", "Managing.Contract\Managing.Contract.csproj", "{ED2A0719-01EF-4D0B-A497-7BBC71EC6A90}"
EndProject
Global
	GlobalSection(SolutionConfigurationPlatforms) = preSolution
		Debug|Any CPU = Debug|Any CPU
		Release|Any CPU = Release|Any CPU
	EndGlobalSection
	GlobalSection(ProjectConfigurationPlatforms) = postSolution
		{E63611E8-3692-48C4-9EE1-84CE51EAD415}.Debug|Any CPU.ActiveCfg = Debug|Any CPU
		{E63611E8-3692-48C4-9EE1-84CE51EAD415}.Debug|Any CPU.Build.0 = Debug|Any CPU
		{E63611E8-3692-48C4-9EE1-84CE51EAD415}.Release|Any CPU.ActiveCfg = Release|Any CPU
		{E63611E8-3692-48C4-9EE1-84CE51EAD415}.Release|Any CPU.Build.0 = Release|Any CPU
		{544592E1-AC4E-4585-BC6D-EC22A7759C8B}.Debug|Any CPU.ActiveCfg = Debug|Any CPU
		{544592E1-AC4E-4585-BC6D-EC22A7759C8B}.Debug|Any CPU.Build.0 = Debug|Any CPU
		{544592E1-AC4E-4585-BC6D-EC22A7759C8B}.Release|Any CPU.ActiveCfg = Release|Any CPU
		{544592E1-AC4E-4585-BC6D-EC22A7759C8B}.Release|Any CPU.Build.0 = Release|Any CPU
		{FD01DF6C-1319-4AAA-A283-885C3B758707}.Debug|Any CPU.ActiveCfg = Debug|Any CPU
		{FD01DF6C-1319-4AAA-A283-885C3B758707}.Debug|Any CPU.Build.0 = Debug|Any CPU
		{FD01DF6C-1319-4AAA-A283-885C3B758707}.Release|Any CPU.ActiveCfg = Release|Any CPU
		{FD01DF6C-1319-4AAA-A283-885C3B758707}.Release|Any CPU.Build.0 = Release|Any CPU
		{715C274F-04E0-42D6-B91E-E7CA51B6974E}.Debug|Any CPU.ActiveCfg = Debug|Any CPU
		{715C274F-04E0-42D6-B91E-E7CA51B6974E}.Debug|Any CPU.Build.0 = Debug|Any CPU
		{715C274F-04E0-42D6-B91E-E7CA51B6974E}.Release|Any CPU.ActiveCfg = Release|Any CPU
		{715C274F-04E0-42D6-B91E-E7CA51B6974E}.Release|Any CPU.Build.0 = Release|Any CPU
		{0BA1181F-9747-458F-BB37-67155211167B}.Debug|Any CPU.ActiveCfg = Debug|Any CPU
		{0BA1181F-9747-458F-BB37-67155211167B}.Debug|Any CPU.Build.0 = Debug|Any CPU
		{0BA1181F-9747-458F-BB37-67155211167B}.Release|Any CPU.ActiveCfg = Release|Any CPU
		{0BA1181F-9747-458F-BB37-67155211167B}.Release|Any CPU.Build.0 = Release|Any CPU
		{44C846E3-BB9D-4726-B9A4-F4293E063D55}.Debug|Any CPU.ActiveCfg = Debug|Any CPU
		{44C846E3-BB9D-4726-B9A4-F4293E063D55}.Debug|Any CPU.Build.0 = Debug|Any CPU
		{44C846E3-BB9D-4726-B9A4-F4293E063D55}.Release|Any CPU.ActiveCfg = Release|Any CPU
		{44C846E3-BB9D-4726-B9A4-F4293E063D55}.Release|Any CPU.Build.0 = Release|Any CPU
		{ED2A0719-01EF-4D0B-A497-7BBC71EC6A90}.Debug|Any CPU.ActiveCfg = Debug|Any CPU
		{ED2A0719-01EF-4D0B-A497-7BBC71EC6A90}.Debug|Any CPU.Build.0 = Debug|Any CPU
		{ED2A0719-01EF-4D0B-A497-7BBC71EC6A90}.Release|Any CPU.ActiveCfg = Release|Any CPU
		{ED2A0719-01EF-4D0B-A497-7BBC71EC6A90}.Release|Any CPU.Build.0 = Release|Any CPU
	EndGlobalSection
	GlobalSection(SolutionProperties) = preSolution
		HideSolutionNode = FALSE
	EndGlobalSection
	GlobalSection(NestedProjects) = preSolution
		{E63611E8-3692-48C4-9EE1-84CE51EAD415} = {61C4069A-2BC2-4B43-8390-C0ABC5A8C62D}
		{544592E1-AC4E-4585-BC6D-EC22A7759C8B} = {5B5211B3-9E5F-4572-AD50-333D6220B610}
		{FD01DF6C-1319-4AAA-A283-885C3B758707} = {CA89C3A1-8D70-4152-A583-03C1F0EDDC4D}
		{715C274F-04E0-42D6-B91E-E7CA51B6974E} = {C4146598-AF71-4C3D-8426-636EEBD0E8DD}
		{0BA1181F-9747-458F-BB37-67155211167B} = {C4146598-AF71-4C3D-8426-636EEBD0E8DD}
		{44C846E3-BB9D-4726-B9A4-F4293E063D55} = {99E04F2C-BBB5-4167-A145-5F1FC2AD9223}
		{ED2A0719-01EF-4D0B-A497-7BBC71EC6A90} = {99E04F2C-BBB5-4167-A145-5F1FC2AD9223}
	EndGlobalSection
EndGlobal
